github.com/pieterjandesmedt/hugo-theme-ashtari-carpets-sfeer v0.0.0-20201231110318-8b01e149ff63 h1:W6sYtU02K1zg/5roLftyZt/h9U4Bg3Or64ETTOf+dHI=
github.com/pieterjandesmedt/hugo-theme-ashtari-carpets-sfeer v0.0.0-20201231110318-8b01e149ff63/go.mod h1:U2bv5ECf/oEbVQDwtbb0NqMi7uvFr0p6hKTOFBz9F6A=
github.com/pieterjandesmedt/hugo-theme-ashtari-carpets-sfeer v0.0.0-20201231124307-9a47ecf2a86b h1:x5rlPMtbDEUPsx8Sv5aGSJffd2B+McVA37BR3RPz4bw=
github.com/pieterjandesmedt/hugo-theme-ashtari-carpets-sfeer v0.0.0-20201231124307-9a47ecf2a86b/go.mod h1:U2bv5ECf/oEbVQDwtbb0NqMi7uvFr0p6hKTOFBz9F6A=
github.com/pieterjandesmedt/hugo-theme-ashtari-carpets-sfeer v0.0.0-20201231151609-2f2b8afb3a19 h1:oTFzQJiZiYtcNkPem76EdQdTZA+F3aukfP+x0evq56Q=
github.com/pieterjandesmedt/hugo-theme-ashtari-carpets-sfeer v0.0.0-20201231151609-2f2b8afb3a19/go.mod h1:U2bv5ECf/oEbVQDwtbb0NqMi7uvFr0p6hKTOFBz9F6A=
github.com/pieterjandesmedt/hugo-theme-ashtari-carpets-sfeer v0.0.0-20210121155245-d8e9a05ef2df h1:+JN6rdA35qzn0dPNKQXVsSh+n94aGNlsqLuygINycHA=
github.com/pieterjandesmedt/hugo-theme-ashtari-carpets-sfeer v0.0.0-20210121155245-d8e9a05ef2df/go.mod h1:U2bv5ECf/oEbVQDwtbb0NqMi7uvFr0p6hKTOFBz9F6A=
github.com/pieterjandesmedt/hugo-theme-ashtari-carpets-sfeer v0.0.0-20210122221315-ee7cab9918e5 h1:IOw9797GVc2TnT0wOmJTzb0wAkuDHjTvimr9NW3m4zE=
github.com/pieterjandesmedt/hugo-theme-ashtari-carpets-sfeer v0.0.0-20210122221315-ee7cab9918e5/go.mod h1:U2bv5ECf/oEbVQDwtbb0NqMi7uvFr0p6hKTOFBz9F6A=
github.com/pieterjandesmedt/hugo-theme-ashtari-carpets-sfeer v0.0.0-20210127092836-329ef6035264 h1:k54I2za7l1++DbCpeCKQVr4fxrLSxnjZ0u8mJWkCmls=
github.com/pieterjandesmedt/hugo-theme-ashtari-carpets-sfeer v0.0.0-20210127092836-329ef6035264/go.mod h1:U2bv5ECf/oEbVQDwtbb0NqMi7uvFr0p6hKTOFBz9F6A=
github.com/pieterjandesmedt/hugo-theme-ashtari-carpets-sfeer v0.0.0-20210429143903-e7ae3d5e2269 h1:u7RtKGrdLjMwDGbrpek0Yp8lg7pUR02f1ldZmT/tnB8=
github.com/pieterjandesmedt/hugo-theme-ashtari-carpets-sfeer v0.0.0-20210429143903-e7ae3d5e2269/go.mod h1:U2bv5ECf/oEbVQDwtbb0NqMi7uvFr0p6hKTOFBz9F6A=
github.com/pieterjandesmedt/hugo-theme-ashtari-carpets-sfeer v0.0.0-20220503080655-58be09cadfa5 h1:wWG7v0zY3AX3Z/tXdKhlcbdIBWMemvKlJz2cJKYseso=
github.com/pieterjandesmedt/hugo-theme-ashtari-carpets-sfeer v0.0.0-20220503080655-58be09cadfa5/go.mod h1:U2bv5ECf/oEbVQDwtbb0NqMi7uvFr0p6hKTOFBz9F6A=
github.com/pieterjandesmedt/hugo-theme-ashtari-carpets-sfeer v0.0.0-20221231145038-da500942c183 h1:P3HTZBmDI78iJGOC7fn5v3BNGFZhyxflZP69qHFCpCE=
github.com/pieterjandesmedt/hugo-theme-ashtari-carpets-sfeer v0.0.0-20221231145038-da500942c183/go.mod h1:U2bv5ECf/oEbVQDwtbb0NqMi7uvFr0p6hKTOFBz9F6A=
github.com/pieterjandesmedt/hugo-theme-ashtari-carpets-sfeer v0.0.0-20230127123752-4d164bbb84b0 h1:ktiIMMLj8LZiVl29etQBO2agYyzdajOkBu+/Uoo6gS8=
github.com/pieterjandesmedt/hugo-theme-ashtari-carpets-sfeer v0.0.0-20230127123752-4d164bbb84b0/go.mod h1:U2bv5ECf/oEbVQDwtbb0NqMi7uvFr0p6hKTOFBz9F6A=
github.com/pieterjandesmedt/hugo-theme-ashtari-carpets-sfeer v0.0.0-20230208093115-473cfb96bcad h1:isI5lnICNxBEhRmFaLZY3uQN2+GYdlfcqv9R3+gXyW4=
github.com/pieterjandesmedt/hugo-theme-ashtari-carpets-sfeer v0.0.0-20230208093115-473cfb96bcad/go.mod h1:U2bv5ECf/oEbVQDwtbb0NqMi7uvFr0p6hKTOFBz9F6A=
github.com/pieterjandesmedt/hugo-theme-ashtari-carpets-sfeer v0.0.0-20230831103215-4f43f4c1bc3b h1:KLgX+5hkkQCqJps1TEJ1akfXu+vtvOuLQf8ynaYa/3g=
github.com/pieterjandesmedt/hugo-theme-ashtari-carpets-sfeer v0.0.0-20230831103215-4f43f4c1bc3b/go.mod h1:U2bv5ECf/oEbVQDwtbb0NqMi7uvFr0p6hKTOFBz9F6A=
github.com/pieterjandesmedt/hugo-theme-ashtari-carpets-sfeer v0.0.0-20230831104224-9ab8ca7c4684 h1:HCA6/H/NDh19pE3yMlaZDKTBYeRA+tPZnh2328pOMB0=
github.com/pieterjandesmedt/hugo-theme-ashtari-carpets-sfeer v0.0.0-20230831104224-9ab8ca7c4684/go.mod h1:U2bv5ECf/oEbVQDwtbb0NqMi7uvFr0p6hKTOFBz9F6A=
