github.com/pieterjandesmedt/hugo-theme-ashtari-carpets-sfeer v0.0.0-20201230130840-43b7877a609d h1:0j8CzLjVvrbF0THnhjxsX4feg1kpJhxhcVvhu3gF+a8=
github.com/pieterjandesmedt/hugo-theme-ashtari-carpets-sfeer v0.0.0-20201230130840-43b7877a609d/go.mod h1:U2bv5ECf/oEbVQDwtbb0NqMi7uvFr0p6hKTOFBz9F6A=
github.com/pieterjandesmedt/hugo-theme-ashtari-carpets-sfeer v0.0.0-20201230143226-cb6a97e65dca h1:CvxhhptPGgCl3UAPjC3D/ACWj6p90j9GrGOR0qVN1VU=
github.com/pieterjandesmedt/hugo-theme-ashtari-carpets-sfeer v0.0.0-20201230143226-cb6a97e65dca/go.mod h1:U2bv5ECf/oEbVQDwtbb0NqMi7uvFr0p6hKTOFBz9F6A=
github.com/pieterjandesmedt/hugo-theme-ashtari-carpets-sfeer v0.0.0-20201230192322-b270a5171384 h1:BlUSP0Eu4y0ASV9b1/mU4P0xiQPj4KPVOrE24bD3PIA=
github.com/pieterjandesmedt/hugo-theme-ashtari-carpets-sfeer v0.0.0-20201230192322-b270a5171384/go.mod h1:U2bv5ECf/oEbVQDwtbb0NqMi7uvFr0p6hKTOFBz9F6A=
github.com/pieterjandesmedt/hugo-theme-ashtari-carpets-sfeer v0.0.0-20201230192415-eb8523f172ef h1:XMYkQyO9Ec3vxKb+QPuBDk6R7+UXxtOUabQ/06XcrQ8=
github.com/pieterjandesmedt/hugo-theme-ashtari-carpets-sfeer v0.0.0-20201230192415-eb8523f172ef/go.mod h1:U2bv5ECf/oEbVQDwtbb0NqMi7uvFr0p6hKTOFBz9F6A=
github.com/pieterjandesmedt/hugo-theme-ashtari-carpets-sfeer v0.0.0-20201230213712-b19fd8ed5eb5 h1:ZqwHYG4JYLlnboYrhKlX4LfcuaW1plETfWYmVhi3XPs=
github.com/pieterjandesmedt/hugo-theme-ashtari-carpets-sfeer v0.0.0-20201230213712-b19fd8ed5eb5/go.mod h1:U2bv5ECf/oEbVQDwtbb0NqMi7uvFr0p6hKTOFBz9F6A=
