github.com/pieterjandesmedt/hugo-theme-ashtari-carpets-sfeer v0.0.0-20201231110318-8b01e149ff63 h1:W6sYtU02K1zg/5roLftyZt/h9U4Bg3Or64ETTOf+dHI=
github.com/pieterjandesmedt/hugo-theme-ashtari-carpets-sfeer v0.0.0-20201231110318-8b01e149ff63/go.mod h1:U2bv5ECf/oEbVQDwtbb0NqMi7uvFr0p6hKTOFBz9F6A=
github.com/pieterjandesmedt/hugo-theme-ashtari-carpets-sfeer v0.0.0-20201231124307-9a47ecf2a86b h1:x5rlPMtbDEUPsx8Sv5aGSJffd2B+McVA37BR3RPz4bw=
github.com/pieterjandesmedt/hugo-theme-ashtari-carpets-sfeer v0.0.0-20201231124307-9a47ecf2a86b/go.mod h1:U2bv5ECf/oEbVQDwtbb0NqMi7uvFr0p6hKTOFBz9F6A=
github.com/pieterjandesmedt/hugo-theme-ashtari-carpets-sfeer v0.0.0-20201231151609-2f2b8afb3a19 h1:oTFzQJiZiYtcNkPem76EdQdTZA+F3aukfP+x0evq56Q=
github.com/pieterjandesmedt/hugo-theme-ashtari-carpets-sfeer v0.0.0-20201231151609-2f2b8afb3a19/go.mod h1:U2bv5ECf/oEbVQDwtbb0NqMi7uvFr0p6hKTOFBz9F6A=
